// !$*UTF8*$!
{
	archiveVersion = 1;
	classes = {
	};
	objectVersion = 46;
	objects = {

/* Begin PBXBuildFile section */
		1A3572581D09CE07008BB217 /* AppDelegate.swift in Sources */ = {isa = PBXBuildFile; fileRef = 1A3572571D09CE07008BB217 /* AppDelegate.swift */; };
		1A35725F1D09CE07008BB217 /* Main.storyboard in Resources */ = {isa = PBXBuildFile; fileRef = 1A35725D1D09CE07008BB217 /* Main.storyboard */; };
		1A3572611D09CE07008BB217 /* Assets.xcassets in Resources */ = {isa = PBXBuildFile; fileRef = 1A3572601D09CE07008BB217 /* Assets.xcassets */; };
		1A3572641D09CE07008BB217 /* LaunchScreen.storyboard in Resources */ = {isa = PBXBuildFile; fileRef = 1A3572621D09CE07008BB217 /* LaunchScreen.storyboard */; };
		1A35726C1D09CEAB008BB217 /* Parse.framework in Frameworks */ = {isa = PBXBuildFile; fileRef = 1A35726B1D09CEAB008BB217 /* Parse.framework */; };
		1A35726E1D09CEBE008BB217 /* Bolts.framework in Frameworks */ = {isa = PBXBuildFile; fileRef = 1A35726D1D09CEBE008BB217 /* Bolts.framework */; };
		1A3572701D09CEF2008BB217 /* AudioToolbox.framework in Frameworks */ = {isa = PBXBuildFile; fileRef = 1A35726F1D09CEF2008BB217 /* AudioToolbox.framework */; };
		1A3572721D09CF00008BB217 /* CFNetwork.framework in Frameworks */ = {isa = PBXBuildFile; fileRef = 1A3572711D09CF00008BB217 /* CFNetwork.framework */; };
		1A3572741D09CF08008BB217 /* CoreGraphics.framework in Frameworks */ = {isa = PBXBuildFile; fileRef = 1A3572731D09CF08008BB217 /* CoreGraphics.framework */; };
		1A3572761D09CF11008BB217 /* CoreLocation.framework in Frameworks */ = {isa = PBXBuildFile; fileRef = 1A3572751D09CF11008BB217 /* CoreLocation.framework */; };
		1A3572781D09CF19008BB217 /* QuartzCore.framework in Frameworks */ = {isa = PBXBuildFile; fileRef = 1A3572771D09CF19008BB217 /* QuartzCore.framework */; };
		1A35727A1D09CF1F008BB217 /* Security.framework in Frameworks */ = {isa = PBXBuildFile; fileRef = 1A3572791D09CF1F008BB217 /* Security.framework */; };
		1A35727C1D09CF27008BB217 /* StoreKit.framework in Frameworks */ = {isa = PBXBuildFile; fileRef = 1A35727B1D09CF27008BB217 /* StoreKit.framework */; };
		1A35727E1D09CF2D008BB217 /* SystemConfiguration.framework in Frameworks */ = {isa = PBXBuildFile; fileRef = 1A35727D1D09CF2D008BB217 /* SystemConfiguration.framework */; };
		1A3572801D09CF36008BB217 /* libz.tbd in Frameworks */ = {isa = PBXBuildFile; fileRef = 1A35727F1D09CF36008BB217 /* libz.tbd */; };
		1A3572821D09CF46008BB217 /* libsqlite3.tbd in Frameworks */ = {isa = PBXBuildFile; fileRef = 1A3572811D09CF46008BB217 /* libsqlite3.tbd */; };
		1A3572841D09D67C008BB217 /* DeviceNotificationTableViewCell.swift in Sources */ = {isa = PBXBuildFile; fileRef = 1A3572831D09D67C008BB217 /* DeviceNotificationTableViewCell.swift */; };
		1A3572861D09D809008BB217 /* AlertViewController.swift in Sources */ = {isa = PBXBuildFile; fileRef = 1A3572851D09D809008BB217 /* AlertViewController.swift */; };
		1A3572881D09EB7F008BB217 /* DeviceNotification.swift in Sources */ = {isa = PBXBuildFile; fileRef = 1A3572871D09EB7F008BB217 /* DeviceNotification.swift */; };
		1A35728A1D09EFB2008BB217 /* EventHandler.swift in Sources */ = {isa = PBXBuildFile; fileRef = 1A3572891D09EFB2008BB217 /* EventHandler.swift */; };
		1A35728C1D09EFD9008BB217 /* Device.swift in Sources */ = {isa = PBXBuildFile; fileRef = 1A35728B1D09EFD9008BB217 /* Device.swift */; };
		1A35728E1D09F02E008BB217 /* User.swift in Sources */ = {isa = PBXBuildFile; fileRef = 1A35728D1D09F02E008BB217 /* User.swift */; };
		1A3598E11D0AA838001A4A76 /* TuvaTools.swift in Sources */ = {isa = PBXBuildFile; fileRef = 1A3598E01D0AA838001A4A76 /* TuvaTools.swift */; };
		1A3598E31D0ACC3B001A4A76 /* DeviceNotificationViewController.swift in Sources */ = {isa = PBXBuildFile; fileRef = 1A3598E21D0ACC3B001A4A76 /* DeviceNotificationViewController.swift */; };
		1A45D9BB1D1034FA0050252D /* DeviceViewController.swift in Sources */ = {isa = PBXBuildFile; fileRef = 1A45D9BA1D1034FA0050252D /* DeviceViewController.swift */; };
		1A45D9BD1D10356E0050252D /* DeviceTableViewCell.swift in Sources */ = {isa = PBXBuildFile; fileRef = 1A45D9BC1D10356E0050252D /* DeviceTableViewCell.swift */; };
		1A45D9BF1D10495C0050252D /* AddDeviceViewController.swift in Sources */ = {isa = PBXBuildFile; fileRef = 1A45D9BE1D10495C0050252D /* AddDeviceViewController.swift */; };
/* End PBXBuildFile section */

/* Begin PBXFileReference section */
		1A3572541D09CE07008BB217 /* tuva-ios-v2-dev-iot.app */ = {isa = PBXFileReference; explicitFileType = wrapper.application; includeInIndex = 0; path = "tuva-ios-v2-dev-iot.app"; sourceTree = BUILT_PRODUCTS_DIR; };
		1A3572571D09CE07008BB217 /* AppDelegate.swift */ = {isa = PBXFileReference; lastKnownFileType = sourcecode.swift; path = AppDelegate.swift; sourceTree = "<group>"; };
		1A35725E1D09CE07008BB217 /* Base */ = {isa = PBXFileReference; lastKnownFileType = file.storyboard; name = Base; path = Base.lproj/Main.storyboard; sourceTree = "<group>"; };
		1A3572601D09CE07008BB217 /* Assets.xcassets */ = {isa = PBXFileReference; lastKnownFileType = folder.assetcatalog; path = Assets.xcassets; sourceTree = "<group>"; };
		1A3572631D09CE07008BB217 /* Base */ = {isa = PBXFileReference; lastKnownFileType = file.storyboard; name = Base; path = Base.lproj/LaunchScreen.storyboard; sourceTree = "<group>"; };
		1A3572651D09CE07008BB217 /* Info.plist */ = {isa = PBXFileReference; lastKnownFileType = text.plist.xml; path = Info.plist; sourceTree = "<group>"; };
		1A35726B1D09CEAB008BB217 /* Parse.framework */ = {isa = PBXFileReference; lastKnownFileType = wrapper.framework; path = Parse.framework; sourceTree = "<group>"; };
		1A35726D1D09CEBE008BB217 /* Bolts.framework */ = {isa = PBXFileReference; lastKnownFileType = wrapper.framework; path = Bolts.framework; sourceTree = "<group>"; };
		1A35726F1D09CEF2008BB217 /* AudioToolbox.framework */ = {isa = PBXFileReference; lastKnownFileType = wrapper.framework; name = AudioToolbox.framework; path = System/Library/Frameworks/AudioToolbox.framework; sourceTree = SDKROOT; };
		1A3572711D09CF00008BB217 /* CFNetwork.framework */ = {isa = PBXFileReference; lastKnownFileType = wrapper.framework; name = CFNetwork.framework; path = System/Library/Frameworks/CFNetwork.framework; sourceTree = SDKROOT; };
		1A3572731D09CF08008BB217 /* CoreGraphics.framework */ = {isa = PBXFileReference; lastKnownFileType = wrapper.framework; name = CoreGraphics.framework; path = System/Library/Frameworks/CoreGraphics.framework; sourceTree = SDKROOT; };
		1A3572751D09CF11008BB217 /* CoreLocation.framework */ = {isa = PBXFileReference; lastKnownFileType = wrapper.framework; name = CoreLocation.framework; path = System/Library/Frameworks/CoreLocation.framework; sourceTree = SDKROOT; };
		1A3572771D09CF19008BB217 /* QuartzCore.framework */ = {isa = PBXFileReference; lastKnownFileType = wrapper.framework; name = QuartzCore.framework; path = System/Library/Frameworks/QuartzCore.framework; sourceTree = SDKROOT; };
		1A3572791D09CF1F008BB217 /* Security.framework */ = {isa = PBXFileReference; lastKnownFileType = wrapper.framework; name = Security.framework; path = System/Library/Frameworks/Security.framework; sourceTree = SDKROOT; };
		1A35727B1D09CF27008BB217 /* StoreKit.framework */ = {isa = PBXFileReference; lastKnownFileType = wrapper.framework; name = StoreKit.framework; path = System/Library/Frameworks/StoreKit.framework; sourceTree = SDKROOT; };
		1A35727D1D09CF2D008BB217 /* SystemConfiguration.framework */ = {isa = PBXFileReference; lastKnownFileType = wrapper.framework; name = SystemConfiguration.framework; path = System/Library/Frameworks/SystemConfiguration.framework; sourceTree = SDKROOT; };
		1A35727F1D09CF36008BB217 /* libz.tbd */ = {isa = PBXFileReference; lastKnownFileType = "sourcecode.text-based-dylib-definition"; name = libz.tbd; path = usr/lib/libz.tbd; sourceTree = SDKROOT; };
		1A3572811D09CF46008BB217 /* libsqlite3.tbd */ = {isa = PBXFileReference; lastKnownFileType = "sourcecode.text-based-dylib-definition"; name = libsqlite3.tbd; path = usr/lib/libsqlite3.tbd; sourceTree = SDKROOT; };
		1A3572831D09D67C008BB217 /* DeviceNotificationTableViewCell.swift */ = {isa = PBXFileReference; fileEncoding = 4; lastKnownFileType = sourcecode.swift; path = DeviceNotificationTableViewCell.swift; sourceTree = "<group>"; };
		1A3572851D09D809008BB217 /* AlertViewController.swift */ = {isa = PBXFileReference; fileEncoding = 4; lastKnownFileType = sourcecode.swift; path = AlertViewController.swift; sourceTree = "<group>"; };
		1A3572871D09EB7F008BB217 /* DeviceNotification.swift */ = {isa = PBXFileReference; fileEncoding = 4; lastKnownFileType = sourcecode.swift; path = DeviceNotification.swift; sourceTree = "<group>"; };
		1A3572891D09EFB2008BB217 /* EventHandler.swift */ = {isa = PBXFileReference; fileEncoding = 4; lastKnownFileType = sourcecode.swift; path = EventHandler.swift; sourceTree = "<group>"; };
		1A35728B1D09EFD9008BB217 /* Device.swift */ = {isa = PBXFileReference; fileEncoding = 4; lastKnownFileType = sourcecode.swift; path = Device.swift; sourceTree = "<group>"; };
		1A35728D1D09F02E008BB217 /* User.swift */ = {isa = PBXFileReference; fileEncoding = 4; lastKnownFileType = sourcecode.swift; path = User.swift; sourceTree = "<group>"; };
		1A3598E01D0AA838001A4A76 /* TuvaTools.swift */ = {isa = PBXFileReference; fileEncoding = 4; lastKnownFileType = sourcecode.swift; path = TuvaTools.swift; sourceTree = "<group>"; };
		1A3598E21D0ACC3B001A4A76 /* DeviceNotificationViewController.swift */ = {isa = PBXFileReference; fileEncoding = 4; lastKnownFileType = sourcecode.swift; path = DeviceNotificationViewController.swift; sourceTree = "<group>"; };
		1A45D9BA1D1034FA0050252D /* DeviceViewController.swift */ = {isa = PBXFileReference; fileEncoding = 4; lastKnownFileType = sourcecode.swift; path = DeviceViewController.swift; sourceTree = "<group>"; };
		1A45D9BC1D10356E0050252D /* DeviceTableViewCell.swift */ = {isa = PBXFileReference; fileEncoding = 4; lastKnownFileType = sourcecode.swift; path = DeviceTableViewCell.swift; sourceTree = "<group>"; };
		1A45D9BE1D10495C0050252D /* AddDeviceViewController.swift */ = {isa = PBXFileReference; fileEncoding = 4; lastKnownFileType = sourcecode.swift; path = AddDeviceViewController.swift; sourceTree = "<group>"; };
/* End PBXFileReference section */

/* Begin PBXFrameworksBuildPhase section */
		1A3572511D09CE07008BB217 /* Frameworks */ = {
			isa = PBXFrameworksBuildPhase;
			buildActionMask = 2147483647;
			files = (
				1A3572821D09CF46008BB217 /* libsqlite3.tbd in Frameworks */,
				1A3572801D09CF36008BB217 /* libz.tbd in Frameworks */,
				1A35727E1D09CF2D008BB217 /* SystemConfiguration.framework in Frameworks */,
				1A35727C1D09CF27008BB217 /* StoreKit.framework in Frameworks */,
				1A35727A1D09CF1F008BB217 /* Security.framework in Frameworks */,
				1A3572781D09CF19008BB217 /* QuartzCore.framework in Frameworks */,
				1A3572761D09CF11008BB217 /* CoreLocation.framework in Frameworks */,
				1A3572741D09CF08008BB217 /* CoreGraphics.framework in Frameworks */,
				1A3572721D09CF00008BB217 /* CFNetwork.framework in Frameworks */,
				1A3572701D09CEF2008BB217 /* AudioToolbox.framework in Frameworks */,
				1A35726C1D09CEAB008BB217 /* Parse.framework in Frameworks */,
				1A35726E1D09CEBE008BB217 /* Bolts.framework in Frameworks */,
			);
			runOnlyForDeploymentPostprocessing = 0;
		};
/* End PBXFrameworksBuildPhase section */

/* Begin PBXGroup section */
		1A35724B1D09CE07008BB217 = {
			isa = PBXGroup;
			children = (
				1A3598E81D0ADCFA001A4A76 /* Framework */,
				1A3572561D09CE07008BB217 /* tuva-ios-v2-dev-iot */,
				1A3572551D09CE07008BB217 /* Products */,
			);
			sourceTree = "<group>";
		};
		1A3572551D09CE07008BB217 /* Products */ = {
			isa = PBXGroup;
			children = (
				1A3572541D09CE07008BB217 /* tuva-ios-v2-dev-iot.app */,
			);
			name = Products;
			sourceTree = "<group>";
		};
		1A3572561D09CE07008BB217 /* tuva-ios-v2-dev-iot */ = {
			isa = PBXGroup;
			children = (
				1A3598E71D0ADCE9001A4A76 /* Helpers */,
				1A3598E61D0ADCDD001A4A76 /* View */,
				1A3598E51D0ADCC2001A4A76 /* Controller */,
				1A3598E41D0ADCAE001A4A76 /* Model */,
				1A3572571D09CE07008BB217 /* AppDelegate.swift */,
				1A35725D1D09CE07008BB217 /* Main.storyboard */,
				1A3572601D09CE07008BB217 /* Assets.xcassets */,
				1A3572621D09CE07008BB217 /* LaunchScreen.storyboard */,
				1A3572651D09CE07008BB217 /* Info.plist */,
			);
			path = "tuva-ios-v2-dev-iot";
			sourceTree = "<group>";
		};
		1A3598E41D0ADCAE001A4A76 /* Model */ = {
			isa = PBXGroup;
			children = (
				1A35728B1D09EFD9008BB217 /* Device.swift */,
				1A35728D1D09F02E008BB217 /* User.swift */,
				1A3572871D09EB7F008BB217 /* DeviceNotification.swift */,
			);
			name = Model;
			sourceTree = "<group>";
		};
		1A3598E51D0ADCC2001A4A76 /* Controller */ = {
			isa = PBXGroup;
			children = (
				1A3572851D09D809008BB217 /* AlertViewController.swift */,
				1A3598E21D0ACC3B001A4A76 /* DeviceNotificationViewController.swift */,
				1A45D9BA1D1034FA0050252D /* DeviceViewController.swift */,
				1A45D9BE1D10495C0050252D /* AddDeviceViewController.swift */,
			);
			name = Controller;
			sourceTree = "<group>";
		};
		1A3598E61D0ADCDD001A4A76 /* View */ = {
			isa = PBXGroup;
			children = (
				1A3572831D09D67C008BB217 /* DeviceNotificationTableViewCell.swift */,
				1A45D9BC1D10356E0050252D /* DeviceTableViewCell.swift */,
			);
			name = View;
			sourceTree = "<group>";
		};
		1A3598E71D0ADCE9001A4A76 /* Helpers */ = {
			isa = PBXGroup;
			children = (
				1A3572891D09EFB2008BB217 /* EventHandler.swift */,
				1A3598E01D0AA838001A4A76 /* TuvaTools.swift */,
			);
			name = Helpers;
			sourceTree = "<group>";
		};
		1A3598E81D0ADCFA001A4A76 /* Framework */ = {
			isa = PBXGroup;
			children = (
				1A3572811D09CF46008BB217 /* libsqlite3.tbd */,
				1A35727F1D09CF36008BB217 /* libz.tbd */,
				1A35727D1D09CF2D008BB217 /* SystemConfiguration.framework */,
				1A35727B1D09CF27008BB217 /* StoreKit.framework */,
				1A3572791D09CF1F008BB217 /* Security.framework */,
				1A3572771D09CF19008BB217 /* QuartzCore.framework */,
				1A3572751D09CF11008BB217 /* CoreLocation.framework */,
				1A3572731D09CF08008BB217 /* CoreGraphics.framework */,
				1A3572711D09CF00008BB217 /* CFNetwork.framework */,
				1A35726F1D09CEF2008BB217 /* AudioToolbox.framework */,
				1A35726D1D09CEBE008BB217 /* Bolts.framework */,
				1A35726B1D09CEAB008BB217 /* Parse.framework */,
			);
			name = Framework;
			sourceTree = "<group>";
		};
/* End PBXGroup section */

/* Begin PBXNativeTarget section */
		1A3572531D09CE07008BB217 /* tuva-ios-v2-dev-iot */ = {
			isa = PBXNativeTarget;
			buildConfigurationList = 1A3572681D09CE07008BB217 /* Build configuration list for PBXNativeTarget "tuva-ios-v2-dev-iot" */;
			buildPhases = (
				1A3572501D09CE07008BB217 /* Sources */,
				1A3572511D09CE07008BB217 /* Frameworks */,
				1A3572521D09CE07008BB217 /* Resources */,
			);
			buildRules = (
			);
			dependencies = (
			);
			name = "tuva-ios-v2-dev-iot";
			productName = "tuva-ios-v2-dev-iot";
			productReference = 1A3572541D09CE07008BB217 /* tuva-ios-v2-dev-iot.app */;
			productType = "com.apple.product-type.application";
		};
/* End PBXNativeTarget section */

/* Begin PBXProject section */
		1A35724C1D09CE07008BB217 /* Project object */ = {
			isa = PBXProject;
			attributes = {
				LastSwiftUpdateCheck = 0730;
				LastUpgradeCheck = 0730;
				ORGANIZATIONNAME = "Rikard Olsson";
				TargetAttributes = {
					1A3572531D09CE07008BB217 = {
						CreatedOnToolsVersion = 7.3;
						DevelopmentTeam = 7P66TM94V9;
					};
				};
			};
			buildConfigurationList = 1A35724F1D09CE07008BB217 /* Build configuration list for PBXProject "tuva-ios-v2-dev-iot" */;
			compatibilityVersion = "Xcode 3.2";
			developmentRegion = English;
			hasScannedForEncodings = 0;
			knownRegions = (
				en,
				Base,
			);
			mainGroup = 1A35724B1D09CE07008BB217;
			productRefGroup = 1A3572551D09CE07008BB217 /* Products */;
			projectDirPath = "";
			projectRoot = "";
			targets = (
				1A3572531D09CE07008BB217 /* tuva-ios-v2-dev-iot */,
			);
		};
/* End PBXProject section */

/* Begin PBXResourcesBuildPhase section */
		1A3572521D09CE07008BB217 /* Resources */ = {
			isa = PBXResourcesBuildPhase;
			buildActionMask = 2147483647;
			files = (
				1A3572641D09CE07008BB217 /* LaunchScreen.storyboard in Resources */,
				1A3572611D09CE07008BB217 /* Assets.xcassets in Resources */,
				1A35725F1D09CE07008BB217 /* Main.storyboard in Resources */,
			);
			runOnlyForDeploymentPostprocessing = 0;
		};
/* End PBXResourcesBuildPhase section */

/* Begin PBXSourcesBuildPhase section */
		1A3572501D09CE07008BB217 /* Sources */ = {
			isa = PBXSourcesBuildPhase;
			buildActionMask = 2147483647;
			files = (
				1A3572841D09D67C008BB217 /* DeviceNotificationTableViewCell.swift in Sources */,
				1A45D9BD1D10356E0050252D /* DeviceTableViewCell.swift in Sources */,
				1A3598E11D0AA838001A4A76 /* TuvaTools.swift in Sources */,
				1A35728A1D09EFB2008BB217 /* EventHandler.swift in Sources */,
				1A45D9BF1D10495C0050252D /* AddDeviceViewController.swift in Sources */,
				1A3598E31D0ACC3B001A4A76 /* DeviceNotificationViewController.swift in Sources */,
				1A3572881D09EB7F008BB217 /* DeviceNotification.swift in Sources */,
				1A45D9BB1D1034FA0050252D /* DeviceViewController.swift in Sources */,
				1A3572861D09D809008BB217 /* AlertViewController.swift in Sources */,
				1A35728E1D09F02E008BB217 /* User.swift in Sources */,
				1A3572581D09CE07008BB217 /* AppDelegate.swift in Sources */,
				1A35728C1D09EFD9008BB217 /* Device.swift in Sources */,
			);
			runOnlyForDeploymentPostprocessing = 0;
		};
/* End PBXSourcesBuildPhase section */

/* Begin PBXVariantGroup section */
		1A35725D1D09CE07008BB217 /* Main.storyboard */ = {
			isa = PBXVariantGroup;
			children = (
				1A35725E1D09CE07008BB217 /* Base */,
			);
			name = Main.storyboard;
			sourceTree = "<group>";
		};
		1A3572621D09CE07008BB217 /* LaunchScreen.storyboard */ = {
			isa = PBXVariantGroup;
			children = (
				1A3572631D09CE07008BB217 /* Base */,
			);
			name = LaunchScreen.storyboard;
			sourceTree = "<group>";
		};
/* End PBXVariantGroup section */

/* Begin XCBuildConfiguration section */
		1A3572661D09CE07008BB217 /* Debug */ = {
			isa = XCBuildConfiguration;
			buildSettings = {
				ALWAYS_SEARCH_USER_PATHS = NO;
				CLANG_ANALYZER_NONNULL = YES;
				CLANG_CXX_LANGUAGE_STANDARD = "gnu++0x";
				CLANG_CXX_LIBRARY = "libc++";
				CLANG_ENABLE_MODULES = YES;
				CLANG_ENABLE_OBJC_ARC = YES;
				CLANG_WARN_BOOL_CONVERSION = YES;
				CLANG_WARN_CONSTANT_CONVERSION = YES;
				CLANG_WARN_DIRECT_OBJC_ISA_USAGE = YES_ERROR;
				CLANG_WARN_EMPTY_BODY = YES;
				CLANG_WARN_ENUM_CONVERSION = YES;
				CLANG_WARN_INT_CONVERSION = YES;
				CLANG_WARN_OBJC_ROOT_CLASS = YES_ERROR;
				CLANG_WARN_UNREACHABLE_CODE = YES;
				CLANG_WARN__DUPLICATE_METHOD_MATCH = YES;
				"CODE_SIGN_IDENTITY[sdk=iphoneos*]" = "iPhone Developer";
				COPY_PHASE_STRIP = NO;
				DEBUG_INFORMATION_FORMAT = dwarf;
				ENABLE_STRICT_OBJC_MSGSEND = YES;
				ENABLE_TESTABILITY = YES;
				GCC_C_LANGUAGE_STANDARD = gnu99;
				GCC_DYNAMIC_NO_PIC = NO;
				GCC_NO_COMMON_BLOCKS = YES;
				GCC_OPTIMIZATION_LEVEL = 0;
				GCC_PREPROCESSOR_DEFINITIONS = (
					"DEBUG=1",
					"$(inherited)",
				);
				GCC_WARN_64_TO_32_BIT_CONVERSION = YES;
				GCC_WARN_ABOUT_RETURN_TYPE = YES_ERROR;
				GCC_WARN_UNDECLARED_SELECTOR = YES;
				GCC_WARN_UNINITIALIZED_AUTOS = YES_AGGRESSIVE;
				GCC_WARN_UNUSED_FUNCTION = YES;
				GCC_WARN_UNUSED_VARIABLE = YES;
				IPHONEOS_DEPLOYMENT_TARGET = 9.3;
				MTL_ENABLE_DEBUG_INFO = YES;
				ONLY_ACTIVE_ARCH = YES;
				SDKROOT = iphoneos;
				SWIFT_OPTIMIZATION_LEVEL = "-Onone";
			};
			name = Debug;
		};
		1A3572671D09CE07008BB217 /* Release */ = {
			isa = XCBuildConfiguration;
			buildSettings = {
				ALWAYS_SEARCH_USER_PATHS = NO;
				CLANG_ANALYZER_NONNULL = YES;
				CLANG_CXX_LANGUAGE_STANDARD = "gnu++0x";
				CLANG_CXX_LIBRARY = "libc++";
				CLANG_ENABLE_MODULES = YES;
				CLANG_ENABLE_OBJC_ARC = YES;
				CLANG_WARN_BOOL_CONVERSION = YES;
				CLANG_WARN_CONSTANT_CONVERSION = YES;
				CLANG_WARN_DIRECT_OBJC_ISA_USAGE = YES_ERROR;
				CLANG_WARN_EMPTY_BODY = YES;
				CLANG_WARN_ENUM_CONVERSION = YES;
				CLANG_WARN_INT_CONVERSION = YES;
				CLANG_WARN_OBJC_ROOT_CLASS = YES_ERROR;
				CLANG_WARN_UNREACHABLE_CODE = YES;
				CLANG_WARN__DUPLICATE_METHOD_MATCH = YES;
				"CODE_SIGN_IDENTITY[sdk=iphoneos*]" = "iPhone Developer";
				COPY_PHASE_STRIP = NO;
				DEBUG_INFORMATION_FORMAT = "dwarf-with-dsym";
				ENABLE_NS_ASSERTIONS = NO;
				ENABLE_STRICT_OBJC_MSGSEND = YES;
				GCC_C_LANGUAGE_STANDARD = gnu99;
				GCC_NO_COMMON_BLOCKS = YES;
				GCC_WARN_64_TO_32_BIT_CONVERSION = YES;
				GCC_WARN_ABOUT_RETURN_TYPE = YES_ERROR;
				GCC_WARN_UNDECLARED_SELECTOR = YES;
				GCC_WARN_UNINITIALIZED_AUTOS = YES_AGGRESSIVE;
				GCC_WARN_UNUSED_FUNCTION = YES;
				GCC_WARN_UNUSED_VARIABLE = YES;
				IPHONEOS_DEPLOYMENT_TARGET = 9.3;
				MTL_ENABLE_DEBUG_INFO = NO;
				SDKROOT = iphoneos;
				VALIDATE_PRODUCT = YES;
			};
			name = Release;
		};
		1A3572691D09CE07008BB217 /* Debug */ = {
			isa = XCBuildConfiguration;
			buildSettings = {
				ASSETCATALOG_COMPILER_APPICON_NAME = AppIcon;
				FRAMEWORK_SEARCH_PATHS = (
					"$(inherited)",
					"$(PROJECT_DIR)",
				);
				INFOPLIST_FILE = "tuva-ios-v2-dev-iot/Info.plist";
				LD_RUNPATH_SEARCH_PATHS = "$(inherited) @executable_path/Frameworks";
				PRODUCT_BUNDLE_IDENTIFIER = "Rikard-Olsson.tuva-ios-v2-dev-iot";
				PRODUCT_NAME = "$(TARGET_NAME)";
			};
			name = Debug;
		};
		1A35726A1D09CE07008BB217 /* Release */ = {
			isa = XCBuildConfiguration;
			buildSettings = {
				ASSETCATALOG_COMPILER_APPICON_NAME = AppIcon;
				FRAMEWORK_SEARCH_PATHS = (
					"$(inherited)",
					"$(PROJECT_DIR)",
				);
				INFOPLIST_FILE = "tuva-ios-v2-dev-iot/Info.plist";
				LD_RUNPATH_SEARCH_PATHS = "$(inherited) @executable_path/Frameworks";
				PRODUCT_BUNDLE_IDENTIFIER = "Rikard-Olsson.tuva-ios-v2-dev-iot";
				PRODUCT_NAME = "$(TARGET_NAME)";
			};
			name = Release;
		};
/* End XCBuildConfiguration section */

/* Begin XCConfigurationList section */
		1A35724F1D09CE07008BB217 /* Build configuration list for PBXProject "tuva-ios-v2-dev-iot" */ = {
			isa = XCConfigurationList;
			buildConfigurations = (
				1A3572661D09CE07008BB217 /* Debug */,
				1A3572671D09CE07008BB217 /* Release */,
			);
			defaultConfigurationIsVisible = 0;
			defaultConfigurationName = Release;
		};
		1A3572681D09CE07008BB217 /* Build configuration list for PBXNativeTarget "tuva-ios-v2-dev-iot" */ = {
			isa = XCConfigurationList;
			buildConfigurations = (
				1A3572691D09CE07008BB217 /* Debug */,
				1A35726A1D09CE07008BB217 /* Release */,
			);
			defaultConfigurationIsVisible = 0;
			defaultConfigurationName = Release;
		};
/* End XCConfigurationList section */
	};
	rootObject = 1A35724C1D09CE07008BB217 /* Project object */;
}
